
Microsoft Visual Studio Solution File, Format Version 12.00
# Visual Studio Version 17
VisualStudioVersion = 17.11.35222.181
MinimumVisualStudioVersion = 10.0.40219.1
Project("{2150E333-8FDC-42A3-9474-1A3956D46DE8}") = "Services", "Services", "{DD79DE7A-23AC-47D3-8303-511466A355F0}"
EndProject
Project("{2150E333-8FDC-42A3-9474-1A3956D46DE8}") = "Catalog", "Catalog", "{57C445E4-927C-48D8-9D6E-30F167437069}"
EndProject
Project("{9A19103F-16F7-4668-BE54-9A1E7A4F7556}") = "Catalog.API", "Service\Catalog\Catalog.API\Catalog.API.csproj", "{FB25B9D3-85B1-493F-B5B8-377DEAFBFA75}"
EndProject
Project("{9A19103F-16F7-4668-BE54-9A1E7A4F7556}") = "Catalog.Core", "Service\Catalog\Catalog.Core\Catalog.Core.csproj", "{AC636F3E-B1BA-4DFE-B761-1B75BAC80666}"
EndProject
Project("{9A19103F-16F7-4668-BE54-9A1E7A4F7556}") = "Catalog.Application", "Service\Catalog\Catalog.Application\Catalog.Application.csproj", "{B86AA0A3-07C4-45E1-BEFB-D4FEBF85111C}"
EndProject
Project("{9A19103F-16F7-4668-BE54-9A1E7A4F7556}") = "Catalog.Infrastructure", "Service\Catalog\Catalog.Infrastructure\Catalog.Infrastructure.csproj", "{2746AC80-9906-415F-A5DF-64888C809E8B}"
EndProject
Project("{E53339B2-1760-4266-BCC7-CA923CBCF16C}") = "docker-compose", "docker-compose.dcproj", "{41439748-A251-4533-8500-FC6F28895CA7}"
EndProject
Project("{2150E333-8FDC-42A3-9474-1A3956D46DE8}") = "Basket", "Basket", "{34EA5693-2E7A-4E62-92FC-0CA1438460CD}"
EndProject
Project("{9A19103F-16F7-4668-BE54-9A1E7A4F7556}") = "Basket.API", "Service\Basket\Basket.API\Basket.API.csproj", "{B90ECBFE-35C2-446F-BE58-ACDA49D280E2}"
EndProject
Project("{9A19103F-16F7-4668-BE54-9A1E7A4F7556}") = "Basket.Core", "Service\Basket\Basket.Core\Basket.Core.csproj", "{51A4C2A5-C160-4C7E-BA81-8385CAB1A41E}"
EndProject
Project("{9A19103F-16F7-4668-BE54-9A1E7A4F7556}") = "Basket.Infrastructure", "Service\Basket\Basket.Infrastructure\Basket.Infrastructure.csproj", "{3853D1F2-6D95-4CF1-8BE1-B7D0DA084F2E}"
EndProject
Project("{9A19103F-16F7-4668-BE54-9A1E7A4F7556}") = "Basket.Application", "Service\Basket\Basket.Application\Basket.Application.csproj", "{5FE3F5A7-D31B-44CA-9A84-E34A8B77E0F2}"
EndProject
Project("{2150E333-8FDC-42A3-9474-1A3956D46DE8}") = "Discount", "Discount", "{2E8EC884-59EB-4718-9E0D-750FA81C4EAD}"
EndProject
Project("{9A19103F-16F7-4668-BE54-9A1E7A4F7556}") = "Discount.API", "Service\Discount\Discount.API\Discount.API.csproj", "{6DF5A340-DAB1-43E9-97C9-D8B644ACFFA1}"
EndProject
Project("{9A19103F-16F7-4668-BE54-9A1E7A4F7556}") = "Discount.Core", "Service\Discount\Discount.Core\Discount.Core.csproj", "{CA7DB75C-C6C5-4031-BE4D-4C04CAD4E690}"
EndProject
Project("{9A19103F-16F7-4668-BE54-9A1E7A4F7556}") = "Discount.Application", "Service\Discount\Discount.Application\Discount.Application.csproj", "{17C952D5-18D5-42D2-AF0F-D6A625770587}"
	ProjectSection(ProjectDependencies) = postProject
		{CA7DB75C-C6C5-4031-BE4D-4C04CAD4E690} = {CA7DB75C-C6C5-4031-BE4D-4C04CAD4E690}
	EndProjectSection
EndProject
Project("{9A19103F-16F7-4668-BE54-9A1E7A4F7556}") = "Discount.Infrastructure", "Service\Discount\Discount.Infrastructure\Discount.Infrastructure.csproj", "{F6BE699E-EBEC-4622-B798-2E1132A9B549}"
EndProject
Project("{2150E333-8FDC-42A3-9474-1A3956D46DE8}") = "Ordering", "Ordering", "{41361367-3C53-4BF4-9098-F3CD2DBB47A4}"
EndProject
Project("{9A19103F-16F7-4668-BE54-9A1E7A4F7556}") = "Ordering.API", "Service\Ordering\Ordering.api\Ordering.API.csproj", "{5A5EE263-1F34-4DEA-A941-F61CD34E6F24}"
EndProject
Project("{9A19103F-16F7-4668-BE54-9A1E7A4F7556}") = "Ordering.Core", "Service\Ordering\Ordering.Core\Ordering.Core.csproj", "{C4767245-5086-4AB5-8EDD-39EFCF545771}"
EndProject
Project("{9A19103F-16F7-4668-BE54-9A1E7A4F7556}") = "Ordering.Application", "Service\Ordering\Ordering.Application\Ordering.Application.csproj", "{235025F5-6C7C-4568-91D3-E4E9B051693C}"
EndProject
Project("{9A19103F-16F7-4668-BE54-9A1E7A4F7556}") = "Ordering.Infrastructure", "Service\Ordering\Ordering.Infrastructure\Ordering.Infrastructure.csproj", "{49E78874-657D-42E1-A138-69BB59FF66D8}"
EndProject
Project("{2150E333-8FDC-42A3-9474-1A3956D46DE8}") = "Infrastructure", "Infrastructure", "{A62F33FB-EA10-4861-A17E-AE089C581212}"
EndProject
Project("{9A19103F-16F7-4668-BE54-9A1E7A4F7556}") = "EventBus.Messages", "Infrastructure\EventBus.Messages\EventBus.Messages.csproj", "{75AE1CE1-0B62-48CF-B102-A7418C9DEB59}"
EndProject
Project("{9A19103F-16F7-4668-BE54-9A1E7A4F7556}") = "Common.Logging", "Infrastructure\Common.Logging\Common.Logging.csproj", "{F6888599-C7BB-4C58-BD15-34667525E7C1}"
EndProject
Project("{2150E333-8FDC-42A3-9474-1A3956D46DE8}") = "ApiGateway", "ApiGateway", "{2D956558-1EF5-43AB-8D76-54B8AB6C58EF}"
EndProject
Project("{9A19103F-16F7-4668-BE54-9A1E7A4F7556}") = "Ocelot.ApiGateway", "ApiGateway\Ocelot.ApiGateway\Ocelot.ApiGateway.csproj", "{0115D027-877E-465F-AEF3-1A2A0D365CFF}"
EndProject
Project("{9A19103F-16F7-4668-BE54-9A1E7A4F7556}") = "Ecommerce.Identity", "Infrastructure\Ecommerce.Identity\Ecommerce.Identity.csproj", "{71901DC5-A399-4ECE-A81C-BC5D555C6E33}"
EndProject
Global
	GlobalSection(SolutionConfigurationPlatforms) = preSolution
		Debug|Any CPU = Debug|Any CPU
		Release|Any CPU = Release|Any CPU
	EndGlobalSection
	GlobalSection(ProjectConfigurationPlatforms) = postSolution
		{FB25B9D3-85B1-493F-B5B8-377DEAFBFA75}.Debug|Any CPU.ActiveCfg = Debug|Any CPU
		{FB25B9D3-85B1-493F-B5B8-377DEAFBFA75}.Debug|Any CPU.Build.0 = Debug|Any CPU
		{FB25B9D3-85B1-493F-B5B8-377DEAFBFA75}.Release|Any CPU.ActiveCfg = Release|Any CPU
		{FB25B9D3-85B1-493F-B5B8-377DEAFBFA75}.Release|Any CPU.Build.0 = Release|Any CPU
		{AC636F3E-B1BA-4DFE-B761-1B75BAC80666}.Debug|Any CPU.ActiveCfg = Debug|Any CPU
		{AC636F3E-B1BA-4DFE-B761-1B75BAC80666}.Debug|Any CPU.Build.0 = Debug|Any CPU
		{AC636F3E-B1BA-4DFE-B761-1B75BAC80666}.Release|Any CPU.ActiveCfg = Release|Any CPU
		{AC636F3E-B1BA-4DFE-B761-1B75BAC80666}.Release|Any CPU.Build.0 = Release|Any CPU
		{B86AA0A3-07C4-45E1-BEFB-D4FEBF85111C}.Debug|Any CPU.ActiveCfg = Debug|Any CPU
		{B86AA0A3-07C4-45E1-BEFB-D4FEBF85111C}.Debug|Any CPU.Build.0 = Debug|Any CPU
		{B86AA0A3-07C4-45E1-BEFB-D4FEBF85111C}.Release|Any CPU.ActiveCfg = Release|Any CPU
		{B86AA0A3-07C4-45E1-BEFB-D4FEBF85111C}.Release|Any CPU.Build.0 = Release|Any CPU
		{2746AC80-9906-415F-A5DF-64888C809E8B}.Debug|Any CPU.ActiveCfg = Debug|Any CPU
		{2746AC80-9906-415F-A5DF-64888C809E8B}.Debug|Any CPU.Build.0 = Debug|Any CPU
		{2746AC80-9906-415F-A5DF-64888C809E8B}.Release|Any CPU.ActiveCfg = Release|Any CPU
		{2746AC80-9906-415F-A5DF-64888C809E8B}.Release|Any CPU.Build.0 = Release|Any CPU
		{41439748-A251-4533-8500-FC6F28895CA7}.Debug|Any CPU.ActiveCfg = Debug|Any CPU
		{41439748-A251-4533-8500-FC6F28895CA7}.Debug|Any CPU.Build.0 = Debug|Any CPU
		{41439748-A251-4533-8500-FC6F28895CA7}.Release|Any CPU.ActiveCfg = Release|Any CPU
		{41439748-A251-4533-8500-FC6F28895CA7}.Release|Any CPU.Build.0 = Release|Any CPU
		{B90ECBFE-35C2-446F-BE58-ACDA49D280E2}.Debug|Any CPU.ActiveCfg = Debug|Any CPU
		{B90ECBFE-35C2-446F-BE58-ACDA49D280E2}.Debug|Any CPU.Build.0 = Debug|Any CPU
		{B90ECBFE-35C2-446F-BE58-ACDA49D280E2}.Release|Any CPU.ActiveCfg = Release|Any CPU
		{B90ECBFE-35C2-446F-BE58-ACDA49D280E2}.Release|Any CPU.Build.0 = Release|Any CPU
		{51A4C2A5-C160-4C7E-BA81-8385CAB1A41E}.Debug|Any CPU.ActiveCfg = Debug|Any CPU
		{51A4C2A5-C160-4C7E-BA81-8385CAB1A41E}.Debug|Any CPU.Build.0 = Debug|Any CPU
		{51A4C2A5-C160-4C7E-BA81-8385CAB1A41E}.Release|Any CPU.ActiveCfg = Release|Any CPU
		{51A4C2A5-C160-4C7E-BA81-8385CAB1A41E}.Release|Any CPU.Build.0 = Release|Any CPU
		{3853D1F2-6D95-4CF1-8BE1-B7D0DA084F2E}.Debug|Any CPU.ActiveCfg = Debug|Any CPU
		{3853D1F2-6D95-4CF1-8BE1-B7D0DA084F2E}.Debug|Any CPU.Build.0 = Debug|Any CPU
		{3853D1F2-6D95-4CF1-8BE1-B7D0DA084F2E}.Release|Any CPU.ActiveCfg = Release|Any CPU
		{3853D1F2-6D95-4CF1-8BE1-B7D0DA084F2E}.Release|Any CPU.Build.0 = Release|Any CPU
		{5FE3F5A7-D31B-44CA-9A84-E34A8B77E0F2}.Debug|Any CPU.ActiveCfg = Debug|Any CPU
		{5FE3F5A7-D31B-44CA-9A84-E34A8B77E0F2}.Debug|Any CPU.Build.0 = Debug|Any CPU
		{5FE3F5A7-D31B-44CA-9A84-E34A8B77E0F2}.Release|Any CPU.ActiveCfg = Release|Any CPU
		{5FE3F5A7-D31B-44CA-9A84-E34A8B77E0F2}.Release|Any CPU.Build.0 = Release|Any CPU
		{6DF5A340-DAB1-43E9-97C9-D8B644ACFFA1}.Debug|Any CPU.ActiveCfg = Debug|Any CPU
		{6DF5A340-DAB1-43E9-97C9-D8B644ACFFA1}.Debug|Any CPU.Build.0 = Debug|Any CPU
		{6DF5A340-DAB1-43E9-97C9-D8B644ACFFA1}.Release|Any CPU.ActiveCfg = Release|Any CPU
		{6DF5A340-DAB1-43E9-97C9-D8B644ACFFA1}.Release|Any CPU.Build.0 = Release|Any CPU
		{CA7DB75C-C6C5-4031-BE4D-4C04CAD4E690}.Debug|Any CPU.ActiveCfg = Debug|Any CPU
		{CA7DB75C-C6C5-4031-BE4D-4C04CAD4E690}.Debug|Any CPU.Build.0 = Debug|Any CPU
		{CA7DB75C-C6C5-4031-BE4D-4C04CAD4E690}.Release|Any CPU.ActiveCfg = Release|Any CPU
		{CA7DB75C-C6C5-4031-BE4D-4C04CAD4E690}.Release|Any CPU.Build.0 = Release|Any CPU
		{17C952D5-18D5-42D2-AF0F-D6A625770587}.Debug|Any CPU.ActiveCfg = Debug|Any CPU
		{17C952D5-18D5-42D2-AF0F-D6A625770587}.Debug|Any CPU.Build.0 = Debug|Any CPU
		{17C952D5-18D5-42D2-AF0F-D6A625770587}.Release|Any CPU.ActiveCfg = Release|Any CPU
		{17C952D5-18D5-42D2-AF0F-D6A625770587}.Release|Any CPU.Build.0 = Release|Any CPU
		{F6BE699E-EBEC-4622-B798-2E1132A9B549}.Debug|Any CPU.ActiveCfg = Debug|Any CPU
		{F6BE699E-EBEC-4622-B798-2E1132A9B549}.Debug|Any CPU.Build.0 = Debug|Any CPU
		{F6BE699E-EBEC-4622-B798-2E1132A9B549}.Release|Any CPU.ActiveCfg = Release|Any CPU
		{F6BE699E-EBEC-4622-B798-2E1132A9B549}.Release|Any CPU.Build.0 = Release|Any CPU
		{5A5EE263-1F34-4DEA-A941-F61CD34E6F24}.Debug|Any CPU.ActiveCfg = Debug|Any CPU
		{5A5EE263-1F34-4DEA-A941-F61CD34E6F24}.Debug|Any CPU.Build.0 = Debug|Any CPU
		{5A5EE263-1F34-4DEA-A941-F61CD34E6F24}.Release|Any CPU.ActiveCfg = Release|Any CPU
		{5A5EE263-1F34-4DEA-A941-F61CD34E6F24}.Release|Any CPU.Build.0 = Release|Any CPU
		{C4767245-5086-4AB5-8EDD-39EFCF545771}.Debug|Any CPU.ActiveCfg = Debug|Any CPU
		{C4767245-5086-4AB5-8EDD-39EFCF545771}.Debug|Any CPU.Build.0 = Debug|Any CPU
		{C4767245-5086-4AB5-8EDD-39EFCF545771}.Release|Any CPU.ActiveCfg = Release|Any CPU
		{C4767245-5086-4AB5-8EDD-39EFCF545771}.Release|Any CPU.Build.0 = Release|Any CPU
		{235025F5-6C7C-4568-91D3-E4E9B051693C}.Debug|Any CPU.ActiveCfg = Debug|Any CPU
		{235025F5-6C7C-4568-91D3-E4E9B051693C}.Debug|Any CPU.Build.0 = Debug|Any CPU
		{235025F5-6C7C-4568-91D3-E4E9B051693C}.Release|Any CPU.ActiveCfg = Release|Any CPU
		{235025F5-6C7C-4568-91D3-E4E9B051693C}.Release|Any CPU.Build.0 = Release|Any CPU
		{49E78874-657D-42E1-A138-69BB59FF66D8}.Debug|Any CPU.ActiveCfg = Debug|Any CPU
		{49E78874-657D-42E1-A138-69BB59FF66D8}.Debug|Any CPU.Build.0 = Debug|Any CPU
		{49E78874-657D-42E1-A138-69BB59FF66D8}.Release|Any CPU.ActiveCfg = Release|Any CPU
		{49E78874-657D-42E1-A138-69BB59FF66D8}.Release|Any CPU.Build.0 = Release|Any CPU
		{75AE1CE1-0B62-48CF-B102-A7418C9DEB59}.Debug|Any CPU.ActiveCfg = Debug|Any CPU
		{75AE1CE1-0B62-48CF-B102-A7418C9DEB59}.Debug|Any CPU.Build.0 = Debug|Any CPU
		{75AE1CE1-0B62-48CF-B102-A7418C9DEB59}.Release|Any CPU.ActiveCfg = Release|Any CPU
		{75AE1CE1-0B62-48CF-B102-A7418C9DEB59}.Release|Any CPU.Build.0 = Release|Any CPU
		{F6888599-C7BB-4C58-BD15-34667525E7C1}.Debug|Any CPU.ActiveCfg = Debug|Any CPU
		{F6888599-C7BB-4C58-BD15-34667525E7C1}.Debug|Any CPU.Build.0 = Debug|Any CPU
		{F6888599-C7BB-4C58-BD15-34667525E7C1}.Release|Any CPU.ActiveCfg = Release|Any CPU
		{F6888599-C7BB-4C58-BD15-34667525E7C1}.Release|Any CPU.Build.0 = Release|Any CPU
		{0115D027-877E-465F-AEF3-1A2A0D365CFF}.Debug|Any CPU.ActiveCfg = Debug|Any CPU
		{0115D027-877E-465F-AEF3-1A2A0D365CFF}.Debug|Any CPU.Build.0 = Debug|Any CPU
		{0115D027-877E-465F-AEF3-1A2A0D365CFF}.Release|Any CPU.ActiveCfg = Release|Any CPU
		{0115D027-877E-465F-AEF3-1A2A0D365CFF}.Release|Any CPU.Build.0 = Release|Any CPU
		{71901DC5-A399-4ECE-A81C-BC5D555C6E33}.Debug|Any CPU.ActiveCfg = Debug|Any CPU
		{71901DC5-A399-4ECE-A81C-BC5D555C6E33}.Debug|Any CPU.Build.0 = Debug|Any CPU
		{71901DC5-A399-4ECE-A81C-BC5D555C6E33}.Release|Any CPU.ActiveCfg = Release|Any CPU
		{71901DC5-A399-4ECE-A81C-BC5D555C6E33}.Release|Any CPU.Build.0 = Release|Any CPU
	EndGlobalSection
	GlobalSection(SolutionProperties) = preSolution
		HideSolutionNode = FALSE
	EndGlobalSection
	GlobalSection(NestedProjects) = preSolution
		{57C445E4-927C-48D8-9D6E-30F167437069} = {DD79DE7A-23AC-47D3-8303-511466A355F0}
		{FB25B9D3-85B1-493F-B5B8-377DEAFBFA75} = {57C445E4-927C-48D8-9D6E-30F167437069}
		{AC636F3E-B1BA-4DFE-B761-1B75BAC80666} = {57C445E4-927C-48D8-9D6E-30F167437069}
		{B86AA0A3-07C4-45E1-BEFB-D4FEBF85111C} = {57C445E4-927C-48D8-9D6E-30F167437069}
		{2746AC80-9906-415F-A5DF-64888C809E8B} = {57C445E4-927C-48D8-9D6E-30F167437069}
		{34EA5693-2E7A-4E62-92FC-0CA1438460CD} = {DD79DE7A-23AC-47D3-8303-511466A355F0}
		{B90ECBFE-35C2-446F-BE58-ACDA49D280E2} = {34EA5693-2E7A-4E62-92FC-0CA1438460CD}
		{51A4C2A5-C160-4C7E-BA81-8385CAB1A41E} = {34EA5693-2E7A-4E62-92FC-0CA1438460CD}
		{3853D1F2-6D95-4CF1-8BE1-B7D0DA084F2E} = {34EA5693-2E7A-4E62-92FC-0CA1438460CD}
		{5FE3F5A7-D31B-44CA-9A84-E34A8B77E0F2} = {34EA5693-2E7A-4E62-92FC-0CA1438460CD}
		{2E8EC884-59EB-4718-9E0D-750FA81C4EAD} = {DD79DE7A-23AC-47D3-8303-511466A355F0}
		{6DF5A340-DAB1-43E9-97C9-D8B644ACFFA1} = {2E8EC884-59EB-4718-9E0D-750FA81C4EAD}
		{CA7DB75C-C6C5-4031-BE4D-4C04CAD4E690} = {2E8EC884-59EB-4718-9E0D-750FA81C4EAD}
		{17C952D5-18D5-42D2-AF0F-D6A625770587} = {2E8EC884-59EB-4718-9E0D-750FA81C4EAD}
		{F6BE699E-EBEC-4622-B798-2E1132A9B549} = {2E8EC884-59EB-4718-9E0D-750FA81C4EAD}
		{41361367-3C53-4BF4-9098-F3CD2DBB47A4} = {DD79DE7A-23AC-47D3-8303-511466A355F0}
		{5A5EE263-1F34-4DEA-A941-F61CD34E6F24} = {41361367-3C53-4BF4-9098-F3CD2DBB47A4}
		{C4767245-5086-4AB5-8EDD-39EFCF545771} = {41361367-3C53-4BF4-9098-F3CD2DBB47A4}
		{235025F5-6C7C-4568-91D3-E4E9B051693C} = {41361367-3C53-4BF4-9098-F3CD2DBB47A4}
		{49E78874-657D-42E1-A138-69BB59FF66D8} = {41361367-3C53-4BF4-9098-F3CD2DBB47A4}
		{75AE1CE1-0B62-48CF-B102-A7418C9DEB59} = {A62F33FB-EA10-4861-A17E-AE089C581212}
		{F6888599-C7BB-4C58-BD15-34667525E7C1} = {A62F33FB-EA10-4861-A17E-AE089C581212}
		{0115D027-877E-465F-AEF3-1A2A0D365CFF} = {2D956558-1EF5-43AB-8D76-54B8AB6C58EF}
		{71901DC5-A399-4ECE-A81C-BC5D555C6E33} = {A62F33FB-EA10-4861-A17E-AE089C581212}
	EndGlobalSection
	GlobalSection(ExtensibilityGlobals) = postSolution
		SolutionGuid = {BCAC8A09-5B56-4AD3-9CA4-1526F1A944A4}
	EndGlobalSection
EndGlobal
